
Microsoft Visual Studio Solution File, Format Version 12.00
# Visual Studio Version 17
VisualStudioVersion = 17.5.33627.172
MinimumVisualStudioVersion = 10.0.40219.1
Project("{9A19103F-16F7-4668-BE54-9A1E7A4F7556}") = "LB3.1", "LB3.1.csproj", "{C476EA7B-B659-4462-B5E7-A6D51AE66D85}"
EndProject
Project("{9A19103F-16F7-4668-BE54-9A1E7A4F7556}") = "LB3.2", "..\LB3.2\LB3.2.csproj", "{B87DBF6A-C6BF-45B1-9E08-CEED69435788}"
EndProject
Project("{FAE04EC0-301F-11D3-BF4B-00C04F79EFBC}") = "LB3.3", "..\LB3.3\LB3.3.csproj", "{BAD4439B-0723-445B-ACDB-A442EEADA8C0}"
EndProject
Project("{FAE04EC0-301F-11D3-BF4B-00C04F79EFBC}") = "LB3.4", "..\LB3.4\LB3.4.csproj", "{EC6C6012-E34E-46F0-826B-222424DF770C}"
EndProject
Global
	GlobalSection(SolutionConfigurationPlatforms) = preSolution
		Debug|Any CPU = Debug|Any CPU
		Release|Any CPU = Release|Any CPU
	EndGlobalSection
	GlobalSection(ProjectConfigurationPlatforms) = postSolution
		{C476EA7B-B659-4462-B5E7-A6D51AE66D85}.Debug|Any CPU.ActiveCfg = Debug|Any CPU
		{C476EA7B-B659-4462-B5E7-A6D51AE66D85}.Debug|Any CPU.Build.0 = Debug|Any CPU
		{C476EA7B-B659-4462-B5E7-A6D51AE66D85}.Release|Any CPU.ActiveCfg = Release|Any CPU
		{C476EA7B-B659-4462-B5E7-A6D51AE66D85}.Release|Any CPU.Build.0 = Release|Any CPU
		{B87DBF6A-C6BF-45B1-9E08-CEED69435788}.Debug|Any CPU.ActiveCfg = Debug|Any CPU
		{B87DBF6A-C6BF-45B1-9E08-CEED69435788}.Debug|Any CPU.Build.0 = Debug|Any CPU
		{B87DBF6A-C6BF-45B1-9E08-CEED69435788}.Release|Any CPU.ActiveCfg = Release|Any CPU
		{B87DBF6A-C6BF-45B1-9E08-CEED69435788}.Release|Any CPU.Build.0 = Release|Any CPU
		{BAD4439B-0723-445B-ACDB-A442EEADA8C0}.Debug|Any CPU.ActiveCfg = Debug|Any CPU
		{BAD4439B-0723-445B-ACDB-A442EEADA8C0}.Debug|Any CPU.Build.0 = Debug|Any CPU
		{BAD4439B-0723-445B-ACDB-A442EEADA8C0}.Release|Any CPU.ActiveCfg = Release|Any CPU
		{BAD4439B-0723-445B-ACDB-A442EEADA8C0}.Release|Any CPU.Build.0 = Release|Any CPU
		{EC6C6012-E34E-46F0-826B-222424DF770C}.Debug|Any CPU.ActiveCfg = Debug|Any CPU
		{EC6C6012-E34E-46F0-826B-222424DF770C}.Debug|Any CPU.Build.0 = Debug|Any CPU
		{EC6C6012-E34E-46F0-826B-222424DF770C}.Release|Any CPU.ActiveCfg = Release|Any CPU
		{EC6C6012-E34E-46F0-826B-222424DF770C}.Release|Any CPU.Build.0 = Release|Any CPU
	EndGlobalSection
	GlobalSection(SolutionProperties) = preSolution
		HideSolutionNode = FALSE
	EndGlobalSection
	GlobalSection(ExtensibilityGlobals) = postSolution
		SolutionGuid = {50067A2D-F217-452F-8680-10D28645CFA4}
	EndGlobalSection
EndGlobal
